// !$*UTF8*$!
{
	archiveVersion = 1;
	classes = {
	};
	objectVersion = 46;
	objects = {

/* Begin PBXBuildFile section */
		3DB894621F67A2500065BCF7 /* AppDelegate.swift in Sources */ = {isa = PBXBuildFile; fileRef = 3DB894611F67A2500065BCF7 /* AppDelegate.swift */; };
		3DB894641F67A2500065BCF7 /* ViewController.swift in Sources */ = {isa = PBXBuildFile; fileRef = 3DB894631F67A2500065BCF7 /* ViewController.swift */; };
		3DB894671F67A2500065BCF7 /* Main.storyboard in Resources */ = {isa = PBXBuildFile; fileRef = 3DB894651F67A2500065BCF7 /* Main.storyboard */; };
		3DB894691F67A2500065BCF7 /* Assets.xcassets in Resources */ = {isa = PBXBuildFile; fileRef = 3DB894681F67A2500065BCF7 /* Assets.xcassets */; };
		3DB8946C1F67A2500065BCF7 /* LaunchScreen.storyboard in Resources */ = {isa = PBXBuildFile; fileRef = 3DB8946A1F67A2500065BCF7 /* LaunchScreen.storyboard */; };
		3DB894771F67A2500065BCF7 /* QuizTests.swift in Sources */ = {isa = PBXBuildFile; fileRef = 3DB894761F67A2500065BCF7 /* QuizTests.swift */; };
		3DB894821F67A2500065BCF7 /* QuizUITests.swift in Sources */ = {isa = PBXBuildFile; fileRef = 3DB894811F67A2500065BCF7 /* QuizUITests.swift */; };
/* End PBXBuildFile section */

/* Begin PBXContainerItemProxy section */
		3DB894731F67A2500065BCF7 /* PBXContainerItemProxy */ = {
			isa = PBXContainerItemProxy;
			containerPortal = 3DB894561F67A2500065BCF7 /* Project object */;
			proxyType = 1;
			remoteGlobalIDString = 3DB8945D1F67A2500065BCF7;
			remoteInfo = Quiz;
		};
		3DB8947E1F67A2500065BCF7 /* PBXContainerItemProxy */ = {
			isa = PBXContainerItemProxy;
			containerPortal = 3DB894561F67A2500065BCF7 /* Project object */;
			proxyType = 1;
			remoteGlobalIDString = 3DB8945D1F67A2500065BCF7;
			remoteInfo = Quiz;
		};
/* End PBXContainerItemProxy section */

/* Begin PBXFileReference section */
		3DB8945E1F67A2500065BCF7 /* Quiz.app */ = {isa = PBXFileReference; explicitFileType = wrapper.application; includeInIndex = 0; path = Quiz.app; sourceTree = BUILT_PRODUCTS_DIR; };
		3DB894611F67A2500065BCF7 /* AppDelegate.swift */ = {isa = PBXFileReference; lastKnownFileType = sourcecode.swift; path = AppDelegate.swift; sourceTree = "<group>"; };
		3DB894631F67A2500065BCF7 /* ViewController.swift */ = {isa = PBXFileReference; lastKnownFileType = sourcecode.swift; path = ViewController.swift; sourceTree = "<group>"; };
		3DB894661F67A2500065BCF7 /* Base */ = {isa = PBXFileReference; lastKnownFileType = file.storyboard; name = Base; path = Base.lproj/Main.storyboard; sourceTree = "<group>"; };
		3DB894681F67A2500065BCF7 /* Assets.xcassets */ = {isa = PBXFileReference; lastKnownFileType = folder.assetcatalog; path = Assets.xcassets; sourceTree = "<group>"; };
		3DB8946B1F67A2500065BCF7 /* Base */ = {isa = PBXFileReference; lastKnownFileType = file.storyboard; name = Base; path = Base.lproj/LaunchScreen.storyboard; sourceTree = "<group>"; };
		3DB8946D1F67A2500065BCF7 /* Info.plist */ = {isa = PBXFileReference; lastKnownFileType = text.plist.xml; path = Info.plist; sourceTree = "<group>"; };
		3DB894721F67A2500065BCF7 /* QuizTests.xctest */ = {isa = PBXFileReference; explicitFileType = wrapper.cfbundle; includeInIndex = 0; path = QuizTests.xctest; sourceTree = BUILT_PRODUCTS_DIR; };
		3DB894761F67A2500065BCF7 /* QuizTests.swift */ = {isa = PBXFileReference; lastKnownFileType = sourcecode.swift; path = QuizTests.swift; sourceTree = "<group>"; };
		3DB894781F67A2500065BCF7 /* Info.plist */ = {isa = PBXFileReference; lastKnownFileType = text.plist.xml; path = Info.plist; sourceTree = "<group>"; };
		3DB8947D1F67A2500065BCF7 /* QuizUITests.xctest */ = {isa = PBXFileReference; explicitFileType = wrapper.cfbundle; includeInIndex = 0; path = QuizUITests.xctest; sourceTree = BUILT_PRODUCTS_DIR; };
		3DB894811F67A2500065BCF7 /* QuizUITests.swift */ = {isa = PBXFileReference; lastKnownFileType = sourcecode.swift; path = QuizUITests.swift; sourceTree = "<group>"; };
		3DB894831F67A2500065BCF7 /* Info.plist */ = {isa = PBXFileReference; lastKnownFileType = text.plist.xml; path = Info.plist; sourceTree = "<group>"; };
/* End PBXFileReference section */

/* Begin PBXFrameworksBuildPhase section */
		3DB8945B1F67A2500065BCF7 /* Frameworks */ = {
			isa = PBXFrameworksBuildPhase;
			buildActionMask = 2147483647;
			files = (
			);
			runOnlyForDeploymentPostprocessing = 0;
		};
		3DB8946F1F67A2500065BCF7 /* Frameworks */ = {
			isa = PBXFrameworksBuildPhase;
			buildActionMask = 2147483647;
			files = (
			);
			runOnlyForDeploymentPostprocessing = 0;
		};
		3DB8947A1F67A2500065BCF7 /* Frameworks */ = {
			isa = PBXFrameworksBuildPhase;
			buildActionMask = 2147483647;
			files = (
			);
			runOnlyForDeploymentPostprocessing = 0;
		};
/* End PBXFrameworksBuildPhase section */

/* Begin PBXGroup section */
		3DB894551F67A2500065BCF7 = {
			isa = PBXGroup;
			children = (
				3DB894601F67A2500065BCF7 /* Quiz */,
				3DB894751F67A2500065BCF7 /* QuizTests */,
				3DB894801F67A2500065BCF7 /* QuizUITests */,
				3DB8945F1F67A2500065BCF7 /* Products */,
			);
			sourceTree = "<group>";
		};
		3DB8945F1F67A2500065BCF7 /* Products */ = {
			isa = PBXGroup;
			children = (
				3DB8945E1F67A2500065BCF7 /* Quiz.app */,
				3DB894721F67A2500065BCF7 /* QuizTests.xctest */,
				3DB8947D1F67A2500065BCF7 /* QuizUITests.xctest */,
			);
			name = Products;
			sourceTree = "<group>";
		};
		3DB894601F67A2500065BCF7 /* Quiz */ = {
			isa = PBXGroup;
			children = (
				3DB894611F67A2500065BCF7 /* AppDelegate.swift */,
				3DB894631F67A2500065BCF7 /* ViewController.swift */,
				3DB894651F67A2500065BCF7 /* Main.storyboard */,
				3DB894681F67A2500065BCF7 /* Assets.xcassets */,
				3DB8946A1F67A2500065BCF7 /* LaunchScreen.storyboard */,
				3DB8946D1F67A2500065BCF7 /* Info.plist */,
			);
			path = Quiz;
			sourceTree = "<group>";
		};
		3DB894751F67A2500065BCF7 /* QuizTests */ = {
			isa = PBXGroup;
			children = (
				3DB894761F67A2500065BCF7 /* QuizTests.swift */,
				3DB894781F67A2500065BCF7 /* Info.plist */,
			);
			path = QuizTests;
			sourceTree = "<group>";
		};
		3DB894801F67A2500065BCF7 /* QuizUITests */ = {
			isa = PBXGroup;
			children = (
				3DB894811F67A2500065BCF7 /* QuizUITests.swift */,
				3DB894831F67A2500065BCF7 /* Info.plist */,
			);
			path = QuizUITests;
			sourceTree = "<group>";
		};
/* End PBXGroup section */

/* Begin PBXNativeTarget section */
		3DB8945D1F67A2500065BCF7 /* Quiz */ = {
			isa = PBXNativeTarget;
			buildConfigurationList = 3DB894861F67A2500065BCF7 /* Build configuration list for PBXNativeTarget "Quiz" */;
			buildPhases = (
				3DB8945A1F67A2500065BCF7 /* Sources */,
				3DB8945B1F67A2500065BCF7 /* Frameworks */,
				3DB8945C1F67A2500065BCF7 /* Resources */,
			);
			buildRules = (
			);
			dependencies = (
			);
			name = Quiz;
			productName = Quiz;
			productReference = 3DB8945E1F67A2500065BCF7 /* Quiz.app */;
			productType = "com.apple.product-type.application";
		};
		3DB894711F67A2500065BCF7 /* QuizTests */ = {
			isa = PBXNativeTarget;
			buildConfigurationList = 3DB894891F67A2500065BCF7 /* Build configuration list for PBXNativeTarget "QuizTests" */;
			buildPhases = (
				3DB8946E1F67A2500065BCF7 /* Sources */,
				3DB8946F1F67A2500065BCF7 /* Frameworks */,
				3DB894701F67A2500065BCF7 /* Resources */,
			);
			buildRules = (
			);
			dependencies = (
				3DB894741F67A2500065BCF7 /* PBXTargetDependency */,
			);
			name = QuizTests;
			productName = QuizTests;
			productReference = 3DB894721F67A2500065BCF7 /* QuizTests.xctest */;
			productType = "com.apple.product-type.bundle.unit-test";
		};
		3DB8947C1F67A2500065BCF7 /* QuizUITests */ = {
			isa = PBXNativeTarget;
			buildConfigurationList = 3DB8948C1F67A2500065BCF7 /* Build configuration list for PBXNativeTarget "QuizUITests" */;
			buildPhases = (
				3DB894791F67A2500065BCF7 /* Sources */,
				3DB8947A1F67A2500065BCF7 /* Frameworks */,
				3DB8947B1F67A2500065BCF7 /* Resources */,
			);
			buildRules = (
			);
			dependencies = (
				3DB8947F1F67A2500065BCF7 /* PBXTargetDependency */,
			);
			name = QuizUITests;
			productName = QuizUITests;
			productReference = 3DB8947D1F67A2500065BCF7 /* QuizUITests.xctest */;
			productType = "com.apple.product-type.bundle.ui-testing";
		};
/* End PBXNativeTarget section */

/* Begin PBXProject section */
		3DB894561F67A2500065BCF7 /* Project object */ = {
			isa = PBXProject;
			attributes = {
				LastSwiftUpdateCheck = 0830;
				LastUpgradeCheck = 0830;
				ORGANIZATIONNAME = "Anshul Abhinav";
				TargetAttributes = {
					3DB8945D1F67A2500065BCF7 = {
						CreatedOnToolsVersion = 8.3.3;
						ProvisioningStyle = Automatic;
					};
					3DB894711F67A2500065BCF7 = {
						CreatedOnToolsVersion = 8.3.3;
						ProvisioningStyle = Automatic;
						TestTargetID = 3DB8945D1F67A2500065BCF7;
					};
					3DB8947C1F67A2500065BCF7 = {
						CreatedOnToolsVersion = 8.3.3;
						ProvisioningStyle = Automatic;
						TestTargetID = 3DB8945D1F67A2500065BCF7;
					};
				};
			};
			buildConfigurationList = 3DB894591F67A2500065BCF7 /* Build configuration list for PBXProject "Quiz" */;
			compatibilityVersion = "Xcode 3.2";
			developmentRegion = English;
			hasScannedForEncodings = 0;
			knownRegions = (
				en,
				Base,
			);
			mainGroup = 3DB894551F67A2500065BCF7;
			productRefGroup = 3DB8945F1F67A2500065BCF7 /* Products */;
			projectDirPath = "";
			projectRoot = "";
			targets = (
				3DB8945D1F67A2500065BCF7 /* Quiz */,
				3DB894711F67A2500065BCF7 /* QuizTests */,
				3DB8947C1F67A2500065BCF7 /* QuizUITests */,
			);
		};
/* End PBXProject section */

/* Begin PBXResourcesBuildPhase section */
		3DB8945C1F67A2500065BCF7 /* Resources */ = {
			isa = PBXResourcesBuildPhase;
			buildActionMask = 2147483647;
			files = (
				3DB8946C1F67A2500065BCF7 /* LaunchScreen.storyboard in Resources */,
				3DB894691F67A2500065BCF7 /* Assets.xcassets in Resources */,
				3DB894671F67A2500065BCF7 /* Main.storyboard in Resources */,
			);
			runOnlyForDeploymentPostprocessing = 0;
		};
		3DB894701F67A2500065BCF7 /* Resources */ = {
			isa = PBXResourcesBuildPhase;
			buildActionMask = 2147483647;
			files = (
			);
			runOnlyForDeploymentPostprocessing = 0;
		};
		3DB8947B1F67A2500065BCF7 /* Resources */ = {
			isa = PBXResourcesBuildPhase;
			buildActionMask = 2147483647;
			files = (
			);
			runOnlyForDeploymentPostprocessing = 0;
		};
/* End PBXResourcesBuildPhase section */

/* Begin PBXSourcesBuildPhase section */
		3DB8945A1F67A2500065BCF7 /* Sources */ = {
			isa = PBXSourcesBuildPhase;
			buildActionMask = 2147483647;
			files = (
				3DB894641F67A2500065BCF7 /* ViewController.swift in Sources */,
				3DB894621F67A2500065BCF7 /* AppDelegate.swift in Sources */,
			);
			runOnlyForDeploymentPostprocessing = 0;
		};
		3DB8946E1F67A2500065BCF7 /* Sources */ = {
			isa = PBXSourcesBuildPhase;
			buildActionMask = 2147483647;
			files = (
				3DB894771F67A2500065BCF7 /* QuizTests.swift in Sources */,
			);
			runOnlyForDeploymentPostprocessing = 0;
		};
		3DB894791F67A2500065BCF7 /* Sources */ = {
			isa = PBXSourcesBuildPhase;
			buildActionMask = 2147483647;
			files = (
				3DB894821F67A2500065BCF7 /* QuizUITests.swift in Sources */,
			);
			runOnlyForDeploymentPostprocessing = 0;
		};
/* End PBXSourcesBuildPhase section */

/* Begin PBXTargetDependency section */
		3DB894741F67A2500065BCF7 /* PBXTargetDependency */ = {
			isa = PBXTargetDependency;
			target = 3DB8945D1F67A2500065BCF7 /* Quiz */;
			targetProxy = 3DB894731F67A2500065BCF7 /* PBXContainerItemProxy */;
		};
		3DB8947F1F67A2500065BCF7 /* PBXTargetDependency */ = {
			isa = PBXTargetDependency;
			target = 3DB8945D1F67A2500065BCF7 /* Quiz */;
			targetProxy = 3DB8947E1F67A2500065BCF7 /* PBXContainerItemProxy */;
		};
/* End PBXTargetDependency section */

/* Begin PBXVariantGroup section */
		3DB894651F67A2500065BCF7 /* Main.storyboard */ = {
			isa = PBXVariantGroup;
			children = (
				3DB894661F67A2500065BCF7 /* Base */,
			);
			name = Main.storyboard;
			sourceTree = "<group>";
		};
		3DB8946A1F67A2500065BCF7 /* LaunchScreen.storyboard */ = {
			isa = PBXVariantGroup;
			children = (
				3DB8946B1F67A2500065BCF7 /* Base */,
			);
			name = LaunchScreen.storyboard;
			sourceTree = "<group>";
		};
/* End PBXVariantGroup section */

/* Begin XCBuildConfiguration section */
		3DB894841F67A2500065BCF7 /* Debug */ = {
			isa = XCBuildConfiguration;
			buildSettings = {
				ALWAYS_SEARCH_USER_PATHS = NO;
				CLANG_ANALYZER_NONNULL = YES;
				CLANG_ANALYZER_NUMBER_OBJECT_CONVERSION = YES_AGGRESSIVE;
				CLANG_CXX_LANGUAGE_STANDARD = "gnu++0x";
				CLANG_CXX_LIBRARY = "libc++";
				CLANG_ENABLE_MODULES = YES;
				CLANG_ENABLE_OBJC_ARC = YES;
				CLANG_WARN_BOOL_CONVERSION = YES;
				CLANG_WARN_CONSTANT_CONVERSION = YES;
				CLANG_WARN_DIRECT_OBJC_ISA_USAGE = YES_ERROR;
				CLANG_WARN_DOCUMENTATION_COMMENTS = YES;
				CLANG_WARN_EMPTY_BODY = YES;
				CLANG_WARN_ENUM_CONVERSION = YES;
				CLANG_WARN_INFINITE_RECURSION = YES;
				CLANG_WARN_INT_CONVERSION = YES;
				CLANG_WARN_OBJC_ROOT_CLASS = YES_ERROR;
				CLANG_WARN_SUSPICIOUS_MOVE = YES;
				CLANG_WARN_UNREACHABLE_CODE = YES;
				CLANG_WARN__DUPLICATE_METHOD_MATCH = YES;
				"CODE_SIGN_IDENTITY[sdk=iphoneos*]" = "iPhone Developer";
				COPY_PHASE_STRIP = NO;
				DEBUG_INFORMATION_FORMAT = dwarf;
				ENABLE_STRICT_OBJC_MSGSEND = YES;
				ENABLE_TESTABILITY = YES;
				GCC_C_LANGUAGE_STANDARD = gnu99;
				GCC_DYNAMIC_NO_PIC = NO;
				GCC_NO_COMMON_BLOCKS = YES;
				GCC_OPTIMIZATION_LEVEL = 0;
				GCC_PREPROCESSOR_DEFINITIONS = (
					"DEBUG=1",
					"$(inherited)",
				);
				GCC_WARN_64_TO_32_BIT_CONVERSION = YES;
				GCC_WARN_ABOUT_RETURN_TYPE = YES_ERROR;
				GCC_WARN_UNDECLARED_SELECTOR = YES;
				GCC_WARN_UNINITIALIZED_AUTOS = YES_AGGRESSIVE;
				GCC_WARN_UNUSED_FUNCTION = YES;
				GCC_WARN_UNUSED_VARIABLE = YES;
				IPHONEOS_DEPLOYMENT_TARGET = 10.3;
				MTL_ENABLE_DEBUG_INFO = YES;
				ONLY_ACTIVE_ARCH = YES;
				SDKROOT = iphoneos;
				SWIFT_ACTIVE_COMPILATION_CONDITIONS = DEBUG;
				SWIFT_OPTIMIZATION_LEVEL = "-Onone";
				TARGETED_DEVICE_FAMILY = "1,2";
			};
			name = Debug;
		};
		3DB894851F67A2500065BCF7 /* Release */ = {
			isa = XCBuildConfiguration;
			buildSettings = {
				ALWAYS_SEARCH_USER_PATHS = NO;
				CLANG_ANALYZER_NONNULL = YES;
				CLANG_ANALYZER_NUMBER_OBJECT_CONVERSION = YES_AGGRESSIVE;
				CLANG_CXX_LANGUAGE_STANDARD = "gnu++0x";
				CLANG_CXX_LIBRARY = "libc++";
				CLANG_ENABLE_MODULES = YES;
				CLANG_ENABLE_OBJC_ARC = YES;
				CLANG_WARN_BOOL_CONVERSION = YES;
				CLANG_WARN_CONSTANT_CONVERSION = YES;
				CLANG_WARN_DIRECT_OBJC_ISA_USAGE = YES_ERROR;
				CLANG_WARN_DOCUMENTATION_COMMENTS = YES;
				CLANG_WARN_EMPTY_BODY = YES;
				CLANG_WARN_ENUM_CONVERSION = YES;
				CLANG_WARN_INFINITE_RECURSION = YES;
				CLANG_WARN_INT_CONVERSION = YES;
				CLANG_WARN_OBJC_ROOT_CLASS = YES_ERROR;
				CLANG_WARN_SUSPICIOUS_MOVE = YES;
				CLANG_WARN_UNREACHABLE_CODE = YES;
				CLANG_WARN__DUPLICATE_METHOD_MATCH = YES;
				"CODE_SIGN_IDENTITY[sdk=iphoneos*]" = "iPhone Developer";
				COPY_PHASE_STRIP = NO;
				DEBUG_INFORMATION_FORMAT = "dwarf-with-dsym";
				ENABLE_NS_ASSERTIONS = NO;
				ENABLE_STRICT_OBJC_MSGSEND = YES;
				GCC_C_LANGUAGE_STANDARD = gnu99;
				GCC_NO_COMMON_BLOCKS = YES;
				GCC_WARN_64_TO_32_BIT_CONVERSION = YES;
				GCC_WARN_ABOUT_RETURN_TYPE = YES_ERROR;
				GCC_WARN_UNDECLARED_SELECTOR = YES;
				GCC_WARN_UNINITIALIZED_AUTOS = YES_AGGRESSIVE;
				GCC_WARN_UNUSED_FUNCTION = YES;
				GCC_WARN_UNUSED_VARIABLE = YES;
				IPHONEOS_DEPLOYMENT_TARGET = 10.3;
				MTL_ENABLE_DEBUG_INFO = NO;
				SDKROOT = iphoneos;
				SWIFT_OPTIMIZATION_LEVEL = "-Owholemodule";
				TARGETED_DEVICE_FAMILY = "1,2";
				VALIDATE_PRODUCT = YES;
			};
			name = Release;
		};
		3DB894871F67A2500065BCF7 /* Debug */ = {
			isa = XCBuildConfiguration;
			buildSettings = {
				ASSETCATALOG_COMPILER_APPICON_NAME = AppIcon;
				INFOPLIST_FILE = Quiz/Info.plist;
				LD_RUNPATH_SEARCH_PATHS = "$(inherited) @executable_path/Frameworks";
				PRODUCT_BUNDLE_IDENTIFIER = org.anshul.abhinav.Quiz;
				PRODUCT_NAME = "$(TARGET_NAME)";
				SWIFT_VERSION = 3.0;
			};
			name = Debug;
		};
		3DB894881F67A2500065BCF7 /* Release */ = {
			isa = XCBuildConfiguration;
			buildSettings = {
				ASSETCATALOG_COMPILER_APPICON_NAME = AppIcon;
				INFOPLIST_FILE = Quiz/Info.plist;
				LD_RUNPATH_SEARCH_PATHS = "$(inherited) @executable_path/Frameworks";
				PRODUCT_BUNDLE_IDENTIFIER = org.anshul.abhinav.Quiz;
				PRODUCT_NAME = "$(TARGET_NAME)";
				SWIFT_VERSION = 3.0;
			};
			name = Release;
		};
		3DB8948A1F67A2500065BCF7 /* Debug */ = {
			isa = XCBuildConfiguration;
			buildSettings = {
				ALWAYS_EMBED_SWIFT_STANDARD_LIBRARIES = YES;
				BUNDLE_LOADER = "$(TEST_HOST)";
				INFOPLIST_FILE = QuizTests/Info.plist;
				LD_RUNPATH_SEARCH_PATHS = "$(inherited) @executable_path/Frameworks @loader_path/Frameworks";
				PRODUCT_BUNDLE_IDENTIFIER = org.anshul.abhinav.QuizTests;
				PRODUCT_NAME = "$(TARGET_NAME)";
				SWIFT_VERSION = 3.0;
				TEST_HOST = "$(BUILT_PRODUCTS_DIR)/Quiz.app/Quiz";
			};
			name = Debug;
		};
		3DB8948B1F67A2500065BCF7 /* Release */ = {
			isa = XCBuildConfiguration;
			buildSettings = {
				ALWAYS_EMBED_SWIFT_STANDARD_LIBRARIES = YES;
				BUNDLE_LOADER = "$(TEST_HOST)";
				INFOPLIST_FILE = QuizTests/Info.plist;
				LD_RUNPATH_SEARCH_PATHS = "$(inherited) @executable_path/Frameworks @loader_path/Frameworks";
				PRODUCT_BUNDLE_IDENTIFIER = org.anshul.abhinav.QuizTests;
				PRODUCT_NAME = "$(TARGET_NAME)";
				SWIFT_VERSION = 3.0;
				TEST_HOST = "$(BUILT_PRODUCTS_DIR)/Quiz.app/Quiz";
			};
			name = Release;
		};
		3DB8948D1F67A2500065BCF7 /* Debug */ = {
			isa = XCBuildConfiguration;
			buildSettings = {
				ALWAYS_EMBED_SWIFT_STANDARD_LIBRARIES = YES;
				INFOPLIST_FILE = QuizUITests/Info.plist;
				LD_RUNPATH_SEARCH_PATHS = "$(inherited) @executable_path/Frameworks @loader_path/Frameworks";
				PRODUCT_BUNDLE_IDENTIFIER = org.anshul.abhinav.QuizUITests;
				PRODUCT_NAME = "$(TARGET_NAME)";
				SWIFT_VERSION = 3.0;
				TEST_TARGET_NAME = Quiz;
			};
			name = Debug;
		};
		3DB8948E1F67A2500065BCF7 /* Release */ = {
			isa = XCBuildConfiguration;
			buildSettings = {
				ALWAYS_EMBED_SWIFT_STANDARD_LIBRARIES = YES;
				INFOPLIST_FILE = QuizUITests/Info.plist;
				LD_RUNPATH_SEARCH_PATHS = "$(inherited) @executable_path/Frameworks @loader_path/Frameworks";
				PRODUCT_BUNDLE_IDENTIFIER = org.anshul.abhinav.QuizUITests;
				PRODUCT_NAME = "$(TARGET_NAME)";
				SWIFT_VERSION = 3.0;
				TEST_TARGET_NAME = Quiz;
			};
			name = Release;
		};
/* End XCBuildConfiguration section */

/* Begin XCConfigurationList section */
		3DB894591F67A2500065BCF7 /* Build configuration list for PBXProject "Quiz" */ = {
			isa = XCConfigurationList;
			buildConfigurations = (
				3DB894841F67A2500065BCF7 /* Debug */,
				3DB894851F67A2500065BCF7 /* Release */,
			);
			defaultConfigurationIsVisible = 0;
			defaultConfigurationName = Release;
		};
		3DB894861F67A2500065BCF7 /* Build configuration list for PBXNativeTarget "Quiz" */ = {
			isa = XCConfigurationList;
			buildConfigurations = (
				3DB894871F67A2500065BCF7 /* Debug */,
				3DB894881F67A2500065BCF7 /* Release */,
			);
			defaultConfigurationIsVisible = 0;
		};
		3DB894891F67A2500065BCF7 /* Build configuration list for PBXNativeTarget "QuizTests" */ = {
			isa = XCConfigurationList;
			buildConfigurations = (
				3DB8948A1F67A2500065BCF7 /* Debug */,
				3DB8948B1F67A2500065BCF7 /* Release */,
			);
			defaultConfigurationIsVisible = 0;
		};
		3DB8948C1F67A2500065BCF7 /* Build configuration list for PBXNativeTarget "QuizUITests" */ = {
			isa = XCConfigurationList;
			buildConfigurations = (
				3DB8948D1F67A2500065BCF7 /* Debug */,
				3DB8948E1F67A2500065BCF7 /* Release */,
			);
			defaultConfigurationIsVisible = 0;
		};
/* End XCConfigurationList section */
	};
	rootObject = 3DB894561F67A2500065BCF7 /* Project object */;
}
